
Microsoft Visual Studio Solution File, Format Version 12.00
# Visual Studio Version 17
VisualStudioVersion = 17.14.36408.4
MinimumVisualStudioVersion = 10.0.40219.1
Project("{2150E333-8FDC-42A3-9474-1A3956D46DE8}") = "Services", "Services", "{36D591C7-65C7-A0D1-1CBC-10CDE441BDC8}"
EndProject
Project("{2150E333-8FDC-42A3-9474-1A3956D46DE8}") = "Catalog", "Catalog", "{BDEC82C9-2FA6-4B57-9D17-79A699E5C789}"
EndProject
Project("{2150E333-8FDC-42A3-9474-1A3956D46DE8}") = "BuildingBlocks", "BuildingBlocks", "{375CC4D6-1EA0-46A2-A818-CE910D8EB028}"
EndProject
Project("{FAE04EC0-301F-11D3-BF4B-00C04F79EFBC}") = "BuildingBlocks", "BuildingBlocks\BuildingBlocks\BuildingBlocks.csproj", "{E9FC1760-8B6B-4AF9-AAB4-DBD0310F23B8}"
EndProject
Project("{FAE04EC0-301F-11D3-BF4B-00C04F79EFBC}") = "Catalog.API", "Catalog\Catalog.API\Catalog.API.csproj", "{EED4BB8A-1982-C4DD-2ECA-F36447B7D8AB}"
EndProject
Global
	GlobalSection(SolutionConfigurationPlatforms) = preSolution
		Debug|Any CPU = Debug|Any CPU
		Release|Any CPU = Release|Any CPU
	EndGlobalSection
	GlobalSection(ProjectConfigurationPlatforms) = postSolution
		{E9FC1760-8B6B-4AF9-AAB4-DBD0310F23B8}.Debug|Any CPU.ActiveCfg = Debug|Any CPU
		{E9FC1760-8B6B-4AF9-AAB4-DBD0310F23B8}.Debug|Any CPU.Build.0 = Debug|Any CPU
		{E9FC1760-8B6B-4AF9-AAB4-DBD0310F23B8}.Release|Any CPU.ActiveCfg = Release|Any CPU
		{E9FC1760-8B6B-4AF9-AAB4-DBD0310F23B8}.Release|Any CPU.Build.0 = Release|Any CPU
		{EED4BB8A-1982-C4DD-2ECA-F36447B7D8AB}.Debug|Any CPU.ActiveCfg = Debug|Any CPU
		{EED4BB8A-1982-C4DD-2ECA-F36447B7D8AB}.Debug|Any CPU.Build.0 = Debug|Any CPU
		{EED4BB8A-1982-C4DD-2ECA-F36447B7D8AB}.Release|Any CPU.ActiveCfg = Release|Any CPU
		{EED4BB8A-1982-C4DD-2ECA-F36447B7D8AB}.Release|Any CPU.Build.0 = Release|Any CPU
	EndGlobalSection
	GlobalSection(SolutionProperties) = preSolution
		HideSolutionNode = FALSE
	EndGlobalSection
	GlobalSection(NestedProjects) = preSolution
		{BDEC82C9-2FA6-4B57-9D17-79A699E5C789} = {36D591C7-65C7-A0D1-1CBC-10CDE441BDC8}
		{E9FC1760-8B6B-4AF9-AAB4-DBD0310F23B8} = {375CC4D6-1EA0-46A2-A818-CE910D8EB028}
		{EED4BB8A-1982-C4DD-2ECA-F36447B7D8AB} = {BDEC82C9-2FA6-4B57-9D17-79A699E5C789}
	EndGlobalSection
	GlobalSection(ExtensibilityGlobals) = postSolution
		SolutionGuid = {42BD3DF0-34AA-4EEC-A774-84CCBCE71F9A}
	EndGlobalSection
EndGlobal
